
Microsoft Visual Studio Solution File, Format Version 12.00
# Visual Studio Version 16
VisualStudioVersion = 16.0.32428.217
MinimumVisualStudioVersion = 10.0.40219.1
Project("{FAE04EC0-301F-11D3-BF4B-00C04F79EFBC}") = "TomsBot1", "TomsBot1.csproj", "{7CDA2E29-3784-4BC6-9707-17074B6B7231}"
EndProject
Global
	GlobalSection(SolutionConfigurationPlatforms) = preSolution
		Debug|Any CPU = Debug|Any CPU
		Release|Any CPU = Release|Any CPU
	EndGlobalSection
	GlobalSection(ProjectConfigurationPlatforms) = postSolution
		{7CDA2E29-3784-4BC6-9707-17074B6B7231}.Debug|Any CPU.ActiveCfg = Debug|Any CPU
		{7CDA2E29-3784-4BC6-9707-17074B6B7231}.Debug|Any CPU.Build.0 = Debug|Any CPU
		{7CDA2E29-3784-4BC6-9707-17074B6B7231}.Release|Any CPU.ActiveCfg = Release|Any CPU
		{7CDA2E29-3784-4BC6-9707-17074B6B7231}.Release|Any CPU.Build.0 = Release|Any CPU
	EndGlobalSection
	GlobalSection(SolutionProperties) = preSolution
		HideSolutionNode = FALSE
	EndGlobalSection
	GlobalSection(ExtensibilityGlobals) = postSolution
		SolutionGuid = {4CECEF8D-6919-4628-9700-A47D554512F9}
	EndGlobalSection
EndGlobal
